
Microsoft Visual Studio Solution File, Format Version 12.00
# Visual Studio Version 17
VisualStudioVersion = 17.11.35222.181
MinimumVisualStudioVersion = 10.0.40219.1
Project("{FAE04EC0-301F-11D3-BF4B-00C04F79EFBC}") = "AutoMapperGOBC2", "AutoMapperGOBC2\AutoMapperGOBC2.csproj", "{A4908A5F-9F0E-4EF7-8F88-9A15834B2F87}"
EndProject
Global
	GlobalSection(SolutionConfigurationPlatforms) = preSolution
		Debug|Any CPU = Debug|Any CPU
		Release|Any CPU = Release|Any CPU
	EndGlobalSection
	GlobalSection(ProjectConfigurationPlatforms) = postSolution
		{A4908A5F-9F0E-4EF7-8F88-9A15834B2F87}.Debug|Any CPU.ActiveCfg = Debug|Any CPU
		{A4908A5F-9F0E-4EF7-8F88-9A15834B2F87}.Debug|Any CPU.Build.0 = Debug|Any CPU
		{A4908A5F-9F0E-4EF7-8F88-9A15834B2F87}.Release|Any CPU.ActiveCfg = Release|Any CPU
		{A4908A5F-9F0E-4EF7-8F88-9A15834B2F87}.Release|Any CPU.Build.0 = Release|Any CPU
	EndGlobalSection
	GlobalSection(SolutionProperties) = preSolution
		HideSolutionNode = FALSE
	EndGlobalSection
	GlobalSection(ExtensibilityGlobals) = postSolution
		SolutionGuid = {839E1671-6569-4BE1-8A48-B44E6CB0C5B0}
	EndGlobalSection
EndGlobal
